
Microsoft Visual Studio Solution File, Format Version 12.00
# Visual Studio Version 16
VisualStudioVersion = 25.0.1706.5
MinimumVisualStudioVersion = 10.0.40219.1
Project("{FAE04EC0-301F-11D3-BF4B-00C04F79EFBC}") = "ADO", "ADO.csproj", "{A3F59913-744A-43A7-BEA7-CC4B278CF790}"
EndProject
Global
	GlobalSection(SolutionConfigurationPlatforms) = preSolution
		Debug|Any CPU = Debug|Any CPU
		Release|Any CPU = Release|Any CPU
	EndGlobalSection
	GlobalSection(ProjectConfigurationPlatforms) = postSolution
		{A3F59913-744A-43A7-BEA7-CC4B278CF790}.Debug|Any CPU.ActiveCfg = Debug|Any CPU
		{A3F59913-744A-43A7-BEA7-CC4B278CF790}.Debug|Any CPU.Build.0 = Debug|Any CPU
		{A3F59913-744A-43A7-BEA7-CC4B278CF790}.Release|Any CPU.ActiveCfg = Release|Any CPU
		{A3F59913-744A-43A7-BEA7-CC4B278CF790}.Release|Any CPU.Build.0 = Release|Any CPU
	EndGlobalSection
	GlobalSection(SolutionProperties) = preSolution
		HideSolutionNode = FALSE
	EndGlobalSection
	GlobalSection(ExtensibilityGlobals) = postSolution
		SolutionGuid = {962B0A30-1307-4003-A1D7-89151924E65C}
	EndGlobalSection
EndGlobal
