
Microsoft Visual Studio Solution File, Format Version 12.00
# Visual Studio Version 16
VisualStudioVersion = 25.0.1706.5
MinimumVisualStudioVersion = 10.0.40219.1
Project("{FAE04EC0-301F-11D3-BF4B-00C04F79EFBC}") = "Modelo", "Modelo.csproj", "{996EFC47-C743-471D-8C9C-05753E6D9D5C}"
EndProject
Global
	GlobalSection(SolutionConfigurationPlatforms) = preSolution
		Debug|Any CPU = Debug|Any CPU
		Release|Any CPU = Release|Any CPU
	EndGlobalSection
	GlobalSection(ProjectConfigurationPlatforms) = postSolution
		{996EFC47-C743-471D-8C9C-05753E6D9D5C}.Debug|Any CPU.ActiveCfg = Debug|Any CPU
		{996EFC47-C743-471D-8C9C-05753E6D9D5C}.Debug|Any CPU.Build.0 = Debug|Any CPU
		{996EFC47-C743-471D-8C9C-05753E6D9D5C}.Release|Any CPU.ActiveCfg = Release|Any CPU
		{996EFC47-C743-471D-8C9C-05753E6D9D5C}.Release|Any CPU.Build.0 = Release|Any CPU
	EndGlobalSection
	GlobalSection(SolutionProperties) = preSolution
		HideSolutionNode = FALSE
	EndGlobalSection
	GlobalSection(ExtensibilityGlobals) = postSolution
		SolutionGuid = {77DAEF80-43EC-4182-876E-2AE9018A7954}
	EndGlobalSection
EndGlobal
